
Microsoft Visual Studio Solution File, Format Version 12.00
Project("{FAE04EC0-301F-11D3-BF4B-00C04F79EFBC}") = "Avalonia.Sem6Pr1", "Avalonia.Sem6Pr1\Avalonia.Sem6Pr1.csproj", "{19E208DA-CE75-4C6B-89E7-638DE948F91D}"
EndProject
Global
	GlobalSection(SolutionConfigurationPlatforms) = preSolution
		Debug|Any CPU = Debug|Any CPU
		Release|Any CPU = Release|Any CPU
	EndGlobalSection
	GlobalSection(ProjectConfigurationPlatforms) = postSolution
		{19E208DA-CE75-4C6B-89E7-638DE948F91D}.Debug|Any CPU.ActiveCfg = Debug|Any CPU
		{19E208DA-CE75-4C6B-89E7-638DE948F91D}.Debug|Any CPU.Build.0 = Debug|Any CPU
		{19E208DA-CE75-4C6B-89E7-638DE948F91D}.Release|Any CPU.ActiveCfg = Release|Any CPU
		{19E208DA-CE75-4C6B-89E7-638DE948F91D}.Release|Any CPU.Build.0 = Release|Any CPU
	EndGlobalSection
EndGlobal
